dependencies:
- name: redis
  repository: https://charts.helm.sh/stable
  version: 10.3.2
- name: rabbitmq
  repository: https://charts.bitnami.com/bitnami
  version: 14.5.0
- name: postgresql
  repository: https://charts.helm.sh/stable
  version: 6.5.0
- name: elasticsearch
  repository: https://helm.elastic.co
  version: 7.16.2
digest: sha256:5223db9817a409979e6cad72b55e41a47b204159feb809cb1fa820a6b84a2b41
generated: "2024-07-16T15:32:10.669864+02:00"
